<?xml version="1.0" encoding="utf-8"?>
<Project ToolsVersion="4.0" xmlns="http://schemas.microsoft.com/developer/msbuild/2003">
  <ItemGroup>
    <Filter Include="logs">
      <UniqueIdentifier>{06dd6e48-0cea-4e7f-8690-de2425063283}</UniqueIdentifier>
    </Filter>
    <Filter Include="vart">
      <UniqueIdentifier>{21624c96-8523-4128-8b86-72957f27c430}</UniqueIdentifier>
    </Filter>
    <Filter Include="vart\source">
      <UniqueIdentifier>{322fd196-c04d-4202-860c-0a48e03f10d5}</UniqueIdentifier>
    </Filter>
    <Filter Include="vart\contrib">
      <UniqueIdentifier>{79b202e7-be0c-4638-bb70-5a6ac1169a85}</UniqueIdentifier>
    </Filter>
    <Filter Include="vart\contrib\source">
      <UniqueIdentifier>{1f55c004-0037-465a-86da-5344357273e7}</UniqueIdentifier>
    </Filter>
  </ItemGroup>
  <ItemGroup>
    <None Include="action.log">
      <Filter>logs</Filter>
    </None>
    <None Include="bezier.log">
      <Filter>logs</Filter>
    </None>
    <None Include="biaxialjoint.log">
      <Filter>logs</Filter>
    </None>
    <None Include="boundingbox.log">
      <Filter>logs</Filter>
    </None>
    <None Include="callback.log">
      <Filter>logs</Filter>
    </None>
    <None Include="camera.log">
      <Filter>logs</Filter>
    </None>
    <None Include="collector.log">
      <Filter>logs</Filter>
    </None>
    <None Include="color.log">
      <Filter>logs</Filter>
    </None>
    <None Include="curve.log">
      <Filter>logs</Filter>
    </None>
    <None Include="cylinder.log">
      <Filter>logs</Filter>
    </None>
    <None Include="dmmodifier.log">
      <Filter>logs</Filter>
    </None>
    <None Include="dof.log">
      <Filter>logs</Filter>
    </None>
    <None Include="dofmover.log">
      <Filter>logs</Filter>
    </None>
    <None Include="dot.log">
      <Filter>logs</Filter>
    </None>
    <None Include="graphicobj.log">
      <Filter>logs</Filter>
    </None>
    <None Include="interpolator.log">
      <Filter>logs</Filter>
    </None>
    <None Include="joint.log">
      <Filter>logs</Filter>
    </None>
    <None Include="jointmover.log">
      <Filter>logs</Filter>
    </None>
    <None Include="light.log">
      <Filter>logs</Filter>
    </None>
    <None Include="linearinterpolator.log">
      <Filter>logs</Filter>
    </None>
    <None Include="material.log">
      <Filter>logs</Filter>
    </None>
    <None Include="memoryobj.log">
      <Filter>logs</Filter>
    </None>
    <None Include="mesh.log">
      <Filter>logs</Filter>
    </None>
    <None Include="meshobject.log">
      <Filter>logs</Filter>
    </None>
    <None Include="modifier.log">
      <Filter>logs</Filter>
    </None>
    <None Include="naturalinterpolator.log">
      <Filter>logs</Filter>
    </None>
    <None Include="noisydofmover.log">
      <Filter>logs</Filter>
    </None>
    <None Include="point.log">
      <Filter>logs</Filter>
    </None>
    <None Include="point4d.log">
      <Filter>logs</Filter>
    </None>
    <None Include="pointlight.log">
      <Filter>logs</Filter>
    </None>
    <None Include="polyaxialjoint.log">
      <Filter>logs</Filter>
    </None>
    <None Include="rangesineinterpolator.log">
      <Filter>logs</Filter>
    </None>
    <None Include="scene.log">
      <Filter>logs</Filter>
    </None>
    <None Include="scenenode.log">
      <Filter>logs</Filter>
    </None>
    <None Include="sgpath.log">
      <Filter>logs</Filter>
    </None>
    <None Include="sineinterpolator.log">
      <Filter>logs</Filter>
    </None>
    <None Include="snoperator.log">
      <Filter>logs</Filter>
    </None>
    <None Include="sphere.log">
      <Filter>logs</Filter>
    </None>
    <None Include="spotlight.log">
      <Filter>logs</Filter>
    </None>
    <None Include="texture.log">
      <Filter>logs</Filter>
    </None>
    <None Include="time.log">
      <Filter>logs</Filter>
    </None>
    <None Include="transform.log">
      <Filter>logs</Filter>
    </None>
    <None Include="uniaxialjoint.log">
      <Filter>logs</Filter>
    </None>
    <None Include="xmlaction.log">
      <Filter>logs</Filter>
    </None>
    <None Include="xmlbase.log">
      <Filter>logs</Filter>
    </None>
    <None Include="xmlscene.log">
      <Filter>logs</Filter>
    </None>
    <None Include="..\contrib\source\human.log">
      <Filter>vart\contrib\source</Filter>
    </None>
    <None Include="..\contrib\source\mousecontrol.log">
      <Filter>vart\contrib\source</Filter>
    </None>
    <None Include="..\contrib\source\pnmexporter.log">
      <Filter>vart\contrib\source</Filter>
    </None>
    <None Include="..\contrib\source\viewerglutogl.log">
      <Filter>vart\contrib\source</Filter>
    </None>
  </ItemGroup>
  <ItemGroup>
    <ClInclude Include="..\action.h">
      <Filter>vart</Filter>
    </ClInclude>
    <ClInclude Include="..\bezier.h">
      <Filter>vart</Filter>
    </ClInclude>
    <ClInclude Include="..\biaxialjoint.h">
      <Filter>vart</Filter>
    </ClInclude>
    <ClInclude Include="..\boundingbox.h">
      <Filter>vart</Filter>
    </ClInclude>
    <ClInclude Include="..\callback.h">
      <Filter>vart</Filter>
    </ClInclude>
    <ClInclude Include="..\camera.h">
      <Filter>vart</Filter>
    </ClInclude>
    <ClInclude Include="..\collector.h">
      <Filter>vart</Filter>
    </ClInclude>
    <ClInclude Include="..\color.h">
      <Filter>vart</Filter>
    </ClInclude>
    <ClInclude Include="..\curve.h">
      <Filter>vart</Filter>
    </ClInclude>
    <ClInclude Include="..\cylinder.h">
      <Filter>vart</Filter>
    </ClInclude>
    <ClInclude Include="..\dmmodifier.h">
      <Filter>vart</Filter>
    </ClInclude>
    <ClInclude Include="..\dof.h">
      <Filter>vart</Filter>
    </ClInclude>
    <ClInclude Include="..\dofmover.h">
      <Filter>vart</Filter>
    </ClInclude>
    <ClInclude Include="..\dot.h">
      <Filter>vart</Filter>
    </ClInclude>
    <ClInclude Include="..\graphicobj.h">
      <Filter>vart</Filter>
    </ClInclude>
    <ClInclude Include="..\interpolator.h">
      <Filter>vart</Filter>
    </ClInclude>
    <ClInclude Include="..\joint.h">
      <Filter>vart</Filter>
    </ClInclude>
    <ClInclude Include="..\jointmover.h">
      <Filter>vart</Filter>
    </ClInclude>
    <ClInclude Include="..\light.h">
      <Filter>vart</Filter>
    </ClInclude>
    <ClInclude Include="..\linearinterpolator.h">
      <Filter>vart</Filter>
    </ClInclude>
    <ClInclude Include="..\material.h">
      <Filter>vart</Filter>
    </ClInclude>
    <ClInclude Include="..\memoryobj.h">
      <Filter>vart</Filter>
    </ClInclude>
    <ClInclude Include="..\mesh.h">
      <Filter>vart</Filter>
    </ClInclude>
    <ClInclude Include="..\meshobject.h">
      <Filter>vart</Filter>
    </ClInclude>
    <ClInclude Include="..\modifier.h">
      <Filter>vart</Filter>
    </ClInclude>
    <ClInclude Include="..\naturalinterpolator.h">
      <Filter>vart</Filter>
    </ClInclude>
    <ClInclude Include="..\noisydofmover.h">
      <Filter>vart</Filter>
    </ClInclude>
    <ClInclude Include="..\point.h">
      <Filter>vart</Filter>
    </ClInclude>
    <ClInclude Include="..\point4d.h">
      <Filter>vart</Filter>
    </ClInclude>
    <ClInclude Include="..\pointlight.h">
      <Filter>vart</Filter>
    </ClInclude>
    <ClInclude Include="..\polyaxialjoint.h">
      <Filter>vart</Filter>
    </ClInclude>
    <ClInclude Include="..\rangesineinterpolator.h">
      <Filter>vart</Filter>
    </ClInclude>
    <ClInclude Include="..\scene.h">
      <Filter>vart</Filter>
    </ClInclude>
    <ClInclude Include="..\scenenode.h">
      <Filter>vart</Filter>
    </ClInclude>
    <ClInclude Include="..\sgpath.h">
      <Filter>vart</Filter>
    </ClInclude>
    <ClInclude Include="..\sineinterpolator.h">
      <Filter>vart</Filter>
    </ClInclude>
    <ClInclude Include="..\snoperator.h">
      <Filter>vart</Filter>
    </ClInclude>
    <ClInclude Include="..\sphere.h">
      <Filter>vart</Filter>
    </ClInclude>
    <ClInclude Include="..\spotlight.h">
      <Filter>vart</Filter>
    </ClInclude>
    <ClInclude Include="..\texture.h">
      <Filter>vart</Filter>
    </ClInclude>
    <ClInclude Include="..\time.h">
      <Filter>vart</Filter>
    </ClInclude>
    <ClInclude Include="..\transform.h">
      <Filter>vart</Filter>
    </ClInclude>
    <ClInclude Include="..\uniaxialjoint.h">
      <Filter>vart</Filter>
    </ClInclude>
    <ClInclude Include="..\vart.h">
      <Filter>vart</Filter>
    </ClInclude>
    <ClInclude Include="..\xmlaction.h">
      <Filter>vart</Filter>
    </ClInclude>
    <ClInclude Include="..\xmlbase.h">
      <Filter>vart</Filter>
    </ClInclude>
    <ClInclude Include="..\xmlscene.h">
      <Filter>vart</Filter>
    </ClInclude>
    <ClInclude Include="..\contrib\human.h">
      <Filter>vart\contrib</Filter>
    </ClInclude>
    <ClInclude Include="..\contrib\mousecontrol.h">
      <Filter>vart\contrib</Filter>
    </ClInclude>
    <ClInclude Include="..\contrib\pnmexporter.h">
      <Filter>vart\contrib</Filter>
    </ClInclude>
    <ClInclude Include="..\contrib\viewerglutogl.h">
      <Filter>vart\contrib</Filter>
    </ClInclude>
  </ItemGroup>
  <ItemGroup>
    <ClCompile Include="action.cpp">
      <Filter>vart\source</Filter>
    </ClCompile>
    <ClCompile Include="bezier.cpp">
      <Filter>vart\source</Filter>
    </ClCompile>
    <ClCompile Include="biaxialjoint.cpp">
      <Filter>vart\source</Filter>
    </ClCompile>
    <ClCompile Include="boundingbox.cpp">
      <Filter>vart\source</Filter>
    </ClCompile>
    <ClCompile Include="camera.cpp">
      <Filter>vart\source</Filter>
    </ClCompile>
    <ClCompile Include="color.cpp">
      <Filter>vart\source</Filter>
    </ClCompile>
    <ClCompile Include="curve.cpp">
      <Filter>vart\source</Filter>
    </ClCompile>
    <ClCompile Include="cylinder.cpp">
      <Filter>vart\source</Filter>
    </ClCompile>
    <ClCompile Include="dof.cpp">
      <Filter>vart\source</Filter>
    </ClCompile>
    <ClCompile Include="dofmover.cpp">
      <Filter>vart\source</Filter>
    </ClCompile>
    <ClCompile Include="dot.cpp">
      <Filter>vart\source</Filter>
    </ClCompile>
    <ClCompile Include="graphicobj.cpp">
      <Filter>vart\source</Filter>
    </ClCompile>
    <ClCompile Include="joint.cpp">
      <Filter>vart\source</Filter>
    </ClCompile>
    <ClCompile Include="jointmover.cpp">
      <Filter>vart\source</Filter>
    </ClCompile>
    <ClCompile Include="light.cpp">
      <Filter>vart\source</Filter>
    </ClCompile>
    <ClCompile Include="linearinterpolator.cpp">
      <Filter>vart\source</Filter>
    </ClCompile>
    <ClCompile Include="material.cpp">
      <Filter>vart\source</Filter>
    </ClCompile>
    <ClCompile Include="memoryobj.cpp">
      <Filter>vart\source</Filter>
    </ClCompile>
    <ClCompile Include="mesh.cpp">
      <Filter>vart\source</Filter>
    </ClCompile>
    <ClCompile Include="meshobject.cpp">
      <Filter>vart\source</Filter>
    </ClCompile>
    <ClCompile Include="modifier.cpp">
      <Filter>vart\source</Filter>
    </ClCompile>
    <ClCompile Include="naturalinterpolator.cpp">
      <Filter>vart\source</Filter>
    </ClCompile>
    <ClCompile Include="noisydofmover.cpp">
      <Filter>vart\source</Filter>
    </ClCompile>
    <ClCompile Include="point4d.cpp">
      <Filter>vart\source</Filter>
    </ClCompile>
    <ClCompile Include="pointlight.cpp">
      <Filter>vart\source</Filter>
    </ClCompile>
    <ClCompile Include="polyaxialjoint.cpp">
      <Filter>vart\source</Filter>
    </ClCompile>
    <ClCompile Include="rangesineinterpolator.cpp">
      <Filter>vart\source</Filter>
    </ClCompile>
    <ClCompile Include="scene.cpp">
      <Filter>vart\source</Filter>
    </ClCompile>
    <ClCompile Include="scenenode.cpp">
      <Filter>vart\source</Filter>
    </ClCompile>
    <ClCompile Include="sgpath.cpp">
      <Filter>vart\source</Filter>
    </ClCompile>
    <ClCompile Include="sineinterpolator.cpp">
      <Filter>vart\source</Filter>
    </ClCompile>
    <ClCompile Include="sphere.cpp">
      <Filter>vart\source</Filter>
    </ClCompile>
    <ClCompile Include="spotlight.cpp">
      <Filter>vart\source</Filter>
    </ClCompile>
    <ClCompile Include="texture.cpp">
      <Filter>vart\source</Filter>
    </ClCompile>
    <ClCompile Include="time.cpp">
      <Filter>vart\source</Filter>
    </ClCompile>
    <ClCompile Include="transform.cpp">
      <Filter>vart\source</Filter>
    </ClCompile>
    <ClCompile Include="uniaxialjoint.cpp">
      <Filter>vart\source</Filter>
    </ClCompile>
    <ClCompile Include="xmlaction.cpp">
      <Filter>vart\source</Filter>
    </ClCompile>
    <ClCompile Include="xmlbase.cpp">
      <Filter>vart\source</Filter>
    </ClCompile>
    <ClCompile Include="xmlscene.cpp">
      <Filter>vart\source</Filter>
    </ClCompile>
    <ClCompile Include="..\contrib\source\human.cpp">
      <Filter>vart\contrib\source</Filter>
    </ClCompile>
    <ClCompile Include="..\contrib\source\mousecontrol.cpp">
      <Filter>vart\contrib\source</Filter>
    </ClCompile>
    <ClCompile Include="..\contrib\source\pnmexporter.cpp">
      <Filter>vart\contrib\source</Filter>
    </ClCompile>
    <ClCompile Include="..\contrib\source\viewerglutogl.cpp">
      <Filter>vart\contrib\source</Filter>
    </ClCompile>
  </ItemGroup>
</Project>